{
  "name": "receipt-swa-api",
  "version": "0.1.0",
  "lockfileVersion": 3,
  "requires": true,
  "packages": {
    "": {
      "name": "receipt-swa-api",
      "version": "0.1.0",
      "dependencies": {
        "@azure/functions": "^4.4.0",
        "@azure/storage-blob": "^12.17.0"
      },
      "devDependencies": {
        "cpy-cli": "^6.0.0",
        "typescript": "^5.4.5"
      },
      "engines": {
        "node": ">=20.0.0"
      }
    },
    "node_modules/@azure/abort-controller": {
      "version": "2.1.2",
      "resolved": "https://registry.npmjs.org/@azure/abort-controller/-/abort-controller-2.1.2.tgz",
      "integrity": "sha512-nBrLsEWm4J2u5LpAPjxADTlq3trDgVZZXHNKabeXZtpq3d3AbN/KGO82R87rdDz5/lYB024rtEf10/q0urNgsA==",
      "license": "MIT",
      "dependencies": {
        "tslib": "^2.6.2"
      },
      "engines": {
        "node": ">=18.0.0"
      }
    },
    "node_modules/@azure/core-auth": {
      "version": "1.10.1",
      "resolved": "https://registry.npmjs.org/@azure/core-auth/-/core-auth-1.10.1.tgz",
      "integrity": "sha512-ykRMW8PjVAn+RS6ww5cmK9U2CyH9p4Q88YJwvUslfuMmN98w/2rdGRLPqJYObapBCdzBVeDgYWdJnFPFb7qzpg==",
      "license": "MIT",
      "dependencies": {
        "@azure/abort-controller": "^2.1.2",
        "@azure/core-util": "^1.13.0",
        "tslib": "^2.6.2"
      },
      "engines": {
        "node": ">=20.0.0"
      }
    },
    "node_modules/@azure/core-client": {
      "version": "1.10.1",
      "resolved": "https://registry.npmjs.org/@azure/core-client/-/core-client-1.10.1.tgz",
      "integrity": "sha512-Nh5PhEOeY6PrnxNPsEHRr9eimxLwgLlpmguQaHKBinFYA/RU9+kOYVOQqOrTsCL+KSxrLLl1gD8Dk5BFW/7l/w==",
      "license": "MIT",
      "dependencies": {
        "@azure/abort-controller": "^2.1.2",
        "@azure/core-auth": "^1.10.0",
        "@azure/core-rest-pipeline": "^1.22.0",
        "@azure/core-tracing": "^1.3.0",
        "@azure/core-util": "^1.13.0",
        "@azure/logger": "^1.3.0",
        "tslib": "^2.6.2"
      },
      "engines": {
        "node": ">=20.0.0"
      }
    },
    "node_modules/@azure/core-http-compat": {
      "version": "2.3.1",
      "resolved": "https://registry.npmjs.org/@azure/core-http-compat/-/core-http-compat-2.3.1.tgz",
      "integrity": "sha512-az9BkXND3/d5VgdRRQVkiJb2gOmDU8Qcq4GvjtBmDICNiQ9udFmDk4ZpSB5Qq1OmtDJGlQAfBaS4palFsazQ5g==",
      "license": "MIT",
      "dependencies": {
        "@azure/abort-controller": "^2.1.2",
        "@azure/core-client": "^1.10.0",
        "@azure/core-rest-pipeline": "^1.22.0"
      },
      "engines": {
        "node": ">=20.0.0"
      }
    },
    "node_modules/@azure/core-lro": {
      "version": "2.7.2",
      "resolved": "https://registry.npmjs.org/@azure/core-lro/-/core-lro-2.7.2.tgz",
      "integrity": "sha512-0YIpccoX8m/k00O7mDDMdJpbr6mf1yWo2dfmxt5A8XVZVVMz2SSKaEbMCeJRvgQ0IaSlqhjT47p4hVIRRy90xw==",
      "license": "MIT",
      "dependencies": {
        "@azure/abort-controller": "^2.0.0",
        "@azure/core-util": "^1.2.0",
        "@azure/logger": "^1.0.0",
        "tslib": "^2.6.2"
      },
      "engines": {
        "node": ">=18.0.0"
      }
    },
    "node_modules/@azure/core-paging": {
      "version": "1.6.2",
      "resolved": "https://registry.npmjs.org/@azure/core-paging/-/core-paging-1.6.2.tgz",
      "integrity": "sha512-YKWi9YuCU04B55h25cnOYZHxXYtEvQEbKST5vqRga7hWY9ydd3FZHdeQF8pyh+acWZvppw13M/LMGx0LABUVMA==",
      "license": "MIT",
      "dependencies": {
        "tslib": "^2.6.2"
      },
      "engines": {
        "node": ">=18.0.0"
      }
    },
    "node_modules/@azure/core-rest-pipeline": {
      "version": "1.22.2",
      "resolved": "https://registry.npmjs.org/@azure/core-rest-pipeline/-/core-rest-pipeline-1.22.2.tgz",
      "integrity": "sha512-MzHym+wOi8CLUlKCQu12de0nwcq9k9Kuv43j4Wa++CsCpJwps2eeBQwD2Bu8snkxTtDKDx4GwjuR9E8yC8LNrg==",
      "license": "MIT",
      "dependencies": {
        "@azure/abort-controller": "^2.1.2",
        "@azure/core-auth": "^1.10.0",
        "@azure/core-tracing": "^1.3.0",
        "@azure/core-util": "^1.13.0",
        "@azure/logger": "^1.3.0",
        "@typespec/ts-http-runtime": "^0.3.0",
        "tslib": "^2.6.2"
      },
      "engines": {
        "node": ">=20.0.0"
      }
    },
    "node_modules/@azure/core-tracing": {
      "version": "1.3.1",
      "resolved": "https://registry.npmjs.org/@azure/core-tracing/-/core-tracing-1.3.1.tgz",
      "integrity": "sha512-9MWKevR7Hz8kNzzPLfX4EAtGM2b8mr50HPDBvio96bURP/9C+HjdH3sBlLSNNrvRAr5/k/svoH457gB5IKpmwQ==",
      "license": "MIT",
      "dependencies": {
        "tslib": "^2.6.2"
      },
      "engines": {
        "node": ">=20.0.0"
      }
    },
    "node_modules/@azure/core-util": {
      "version": "1.13.1",
      "resolved": "https://registry.npmjs.org/@azure/core-util/-/core-util-1.13.1.tgz",
      "integrity": "sha512-XPArKLzsvl0Hf0CaGyKHUyVgF7oDnhKoP85Xv6M4StF/1AhfORhZudHtOyf2s+FcbuQ9dPRAjB8J2KvRRMUK2A==",
      "license": "MIT",
      "dependencies": {
        "@azure/abort-controller": "^2.1.2",
        "@typespec/ts-http-runtime": "^0.3.0",
        "tslib": "^2.6.2"
      },
      "engines": {
        "node": ">=20.0.0"
      }
    },
    "node_modules/@azure/core-xml": {
      "version": "1.5.0",
      "resolved": "https://registry.npmjs.org/@azure/core-xml/-/core-xml-1.5.0.tgz",
      "integrity": "sha512-D/sdlJBMJfx7gqoj66PKVmhDDaU6TKA49ptcolxdas29X7AfvLTmfAGLjAcIMBK7UZ2o4lygHIqVckOlQU3xWw==",
      "license": "MIT",
      "dependencies": {
        "fast-xml-parser": "^5.0.7",
        "tslib": "^2.8.1"
      },
      "engines": {
        "node": ">=20.0.0"
      }
    },
    "node_modules/@azure/functions": {
      "version": "4.11.0",
      "resolved": "https://registry.npmjs.org/@azure/functions/-/functions-4.11.0.tgz",
      "integrity": "sha512-J0We2gav3YZFLO9pJlXDKUSOT0r/DzkUaJTaruhm8pwoSMbi4zjsS5N6fARrTel+IBCm77hlD0IgZSKSWvVpUw==",
      "license": "MIT",
      "dependencies": {
        "@azure/functions-extensions-base": "0.2.0",
        "cookie": "^0.7.0",
        "long": "^4.0.0"
      },
      "engines": {
        "node": ">=20.0"
      }
    },
    "node_modules/@azure/functions-extensions-base": {
      "version": "0.2.0",
      "resolved": "https://registry.npmjs.org/@azure/functions-extensions-base/-/functions-extensions-base-0.2.0.tgz",
      "integrity": "sha512-ncCkHBNQYJa93dBIh+toH0v1iSgCzSo9tr94s6SMBe7DPWREkaWh8cq33A5P4rPSFX1g5W+3SPvIzDr/6/VOWQ==",
      "license": "MIT",
      "engines": {
        "node": ">=18.0"
      }
    },
    "node_modules/@azure/logger": {
      "version": "1.3.0",
      "resolved": "https://registry.npmjs.org/@azure/logger/-/logger-1.3.0.tgz",
      "integrity": "sha512-fCqPIfOcLE+CGqGPd66c8bZpwAji98tZ4JI9i/mlTNTlsIWslCfpg48s/ypyLxZTump5sypjrKn2/kY7q8oAbA==",
      "license": "MIT",
      "dependencies": {
        "@typespec/ts-http-runtime": "^0.3.0",
        "tslib": "^2.6.2"
      },
      "engines": {
        "node": ">=20.0.0"
      }
    },
    "node_modules/@azure/storage-blob": {
      "version": "12.29.1",
      "resolved": "https://registry.npmjs.org/@azure/storage-blob/-/storage-blob-12.29.1.tgz",
      "integrity": "sha512-7ktyY0rfTM0vo7HvtK6E3UvYnI9qfd6Oz6z/+92VhGRveWng3kJwMKeUpqmW/NmwcDNbxHpSlldG+vsUnRFnBg==",
      "license": "MIT",
      "dependencies": {
        "@azure/abort-controller": "^2.1.2",
        "@azure/core-auth": "^1.9.0",
        "@azure/core-client": "^1.9.3",
        "@azure/core-http-compat": "^2.2.0",
        "@azure/core-lro": "^2.2.0",
        "@azure/core-paging": "^1.6.2",
        "@azure/core-rest-pipeline": "^1.19.1",
        "@azure/core-tracing": "^1.2.0",
        "@azure/core-util": "^1.11.0",
        "@azure/core-xml": "^1.4.5",
        "@azure/logger": "^1.1.4",
        "@azure/storage-common": "^12.1.1",
        "events": "^3.0.0",
        "tslib": "^2.8.1"
      },
      "engines": {
        "node": ">=20.0.0"
      }
    },
    "node_modules/@azure/storage-common": {
      "version": "12.1.1",
      "resolved": "https://registry.npmjs.org/@azure/storage-common/-/storage-common-12.1.1.tgz",
      "integrity": "sha512-eIOH1pqFwI6UmVNnDQvmFeSg0XppuzDLFeUNO/Xht7ODAzRLgGDh7h550pSxoA+lPDxBl1+D2m/KG3jWzCUjTg==",
      "license": "MIT",
      "dependencies": {
        "@azure/abort-controller": "^2.1.2",
        "@azure/core-auth": "^1.9.0",
        "@azure/core-http-compat": "^2.2.0",
        "@azure/core-rest-pipeline": "^1.19.1",
        "@azure/core-tracing": "^1.2.0",
        "@azure/core-util": "^1.11.0",
        "@azure/logger": "^1.1.4",
        "events": "^3.3.0",
        "tslib": "^2.8.1"
      },
      "engines": {
        "node": ">=20.0.0"
      }
    },
    "node_modules/@nodelib/fs.scandir": {
      "version": "2.1.5",
      "resolved": "https://registry.npmjs.org/@nodelib/fs.scandir/-/fs.scandir-2.1.5.tgz",
      "integrity": "sha512-vq24Bq3ym5HEQm2NKCr3yXDwjc7vTsEThRDnkp2DK9p1uqLR+DHurm/NOTo0KG7HYHU7eppKZj3MyqYuMBf62g==",
      "dev": true,
      "license": "MIT",
      "dependencies": {
        "@nodelib/fs.stat": "2.0.5",
        "run-parallel": "^1.1.9"
      },
      "engines": {
        "node": ">= 8"
      }
    },
    "node_modules/@nodelib/fs.stat": {
      "version": "2.0.5",
      "resolved": "https://registry.npmjs.org/@nodelib/fs.stat/-/fs.stat-2.0.5.tgz",
      "integrity": "sha512-RkhPPp2zrqDAQA/2jNhnztcPAlv64XdhIp7a7454A5ovI7Bukxgt7MX7udwAu3zg1DcpPU0rz3VV1SeaqvY4+A==",
      "dev": true,
      "license": "MIT",
      "engines": {
        "node": ">= 8"
      }
    },
    "node_modules/@nodelib/fs.walk": {
      "version": "1.2.8",
      "resolved": "https://registry.npmjs.org/@nodelib/fs.walk/-/fs.walk-1.2.8.tgz",
      "integrity": "sha512-oGB+UxlgWcgQkgwo8GcEGwemoTFt3FIO9ababBmaGwXIoBKZ+GTy0pP185beGg7Llih/NSHSV2XAs1lnznocSg==",
      "dev": true,
      "license": "MIT",
      "dependencies": {
        "@nodelib/fs.scandir": "2.1.5",
        "fastq": "^1.6.0"
      },
      "engines": {
        "node": ">= 8"
      }
    },
    "node_modules/@sindresorhus/merge-streams": {
      "version": "4.0.0",
      "resolved": "https://registry.npmjs.org/@sindresorhus/merge-streams/-/merge-streams-4.0.0.tgz",
      "integrity": "sha512-tlqY9xq5ukxTUZBmoOp+m61cqwQD5pHJtFY3Mn8CA8ps6yghLH/Hw8UPdqg4OLmFW3IFlcXnQNmo/dh8HzXYIQ==",
      "dev": true,
      "license": "MIT",
      "engines": {
        "node": ">=18"
      },
      "funding": {
        "url": "https://github.com/sponsors/sindresorhus"
      }
    },
    "node_modules/@typespec/ts-http-runtime": {
      "version": "0.3.2",
      "resolved": "https://registry.npmjs.org/@typespec/ts-http-runtime/-/ts-http-runtime-0.3.2.tgz",
      "integrity": "sha512-IlqQ/Gv22xUC1r/WQm4StLkYQmaaTsXAhUVsNE0+xiyf0yRFiH5++q78U3bw6bLKDCTmh0uqKB9eG9+Bt75Dkg==",
      "license": "MIT",
      "dependencies": {
        "http-proxy-agent": "^7.0.0",
        "https-proxy-agent": "^7.0.0",
        "tslib": "^2.6.2"
      },
      "engines": {
        "node": ">=20.0.0"
      }
    },
    "node_modules/agent-base": {
      "version": "7.1.4",
      "resolved": "https://registry.npmjs.org/agent-base/-/agent-base-7.1.4.tgz",
      "integrity": "sha512-MnA+YT8fwfJPgBx3m60MNqakm30XOkyIoH1y6huTQvC0PwZG7ki8NacLBcrPbNoo8vEZy7Jpuk7+jMO+CUovTQ==",
      "license": "MIT",
      "engines": {
        "node": ">= 14"
      }
    },
    "node_modules/braces": {
      "version": "3.0.3",
      "resolved": "https://registry.npmjs.org/braces/-/braces-3.0.3.tgz",
      "integrity": "sha512-yQbXgO/OSZVD2IsiLlro+7Hf6Q18EJrKSEsdoMzKePKXct3gvD8oLcOQdIzGupr5Fj+EDe8gO/lxc1BzfMpxvA==",
      "dev": true,
      "license": "MIT",
      "dependencies": {
        "fill-range": "^7.1.1"
      },
      "engines": {
        "node": ">=8"
      }
    },
    "node_modules/cookie": {
      "version": "0.7.2",
      "resolved": "https://registry.npmjs.org/cookie/-/cookie-0.7.2.tgz",
      "integrity": "sha512-yki5XnKuf750l50uGTllt6kKILY4nQ1eNIQatoXEByZ5dWgnKqbnqmTrBE5B4N7lrMJKQ2ytWMiTO2o0v6Ew/w==",
      "license": "MIT",
      "engines": {
        "node": ">= 0.6"
      }
    },
    "node_modules/copy-file": {
      "version": "11.1.0",
      "resolved": "https://registry.npmjs.org/copy-file/-/copy-file-11.1.0.tgz",
      "integrity": "sha512-X8XDzyvYaA6msMyAM575CUoygY5b44QzLcGRKsK3MFmXcOvQa518dNPLsKYwkYsn72g3EiW+LE0ytd/FlqWmyw==",
      "dev": true,
      "license": "MIT",
      "dependencies": {
        "graceful-fs": "^4.2.11",
        "p-event": "^6.0.0"
      },
      "engines": {
        "node": ">=18"
      },
      "funding": {
        "url": "https://github.com/sponsors/sindresorhus"
      }
    },
    "node_modules/cpy": {
      "version": "12.1.0",
      "resolved": "https://registry.npmjs.org/cpy/-/cpy-12.1.0.tgz",
      "integrity": "sha512-3z9tP1rPBLG7pQYn9iRgl7JOSew0SMPuWmakaRfzhXpmFBHmRbp7JekpuqPkXbbWOdSeKSbInYEcdIZjov2fNQ==",
      "dev": true,
      "license": "MIT",
      "dependencies": {
        "copy-file": "^11.1.0",
        "globby": "^15.0.0",
        "junk": "^4.0.1",
        "micromatch": "^4.0.8",
        "p-filter": "^4.1.0",
        "p-map": "^7.0.3"
      },
      "engines": {
        "node": ">=20"
      },
      "funding": {
        "url": "https://github.com/sponsors/sindresorhus"
      }
    },
    "node_modules/cpy-cli": {
      "version": "6.0.0",
      "resolved": "https://registry.npmjs.org/cpy-cli/-/cpy-cli-6.0.0.tgz",
      "integrity": "sha512-q7GUqTDnRymCbScJ4Ph1IUM86wWdKG8JbgrvKLgvvehH4wrbRcVN+jRwOTlxJdwm7ykdXMKSp6IESksFeHa0eA==",
      "dev": true,
      "license": "MIT",
      "dependencies": {
        "cpy": "^12.0.0",
        "meow": "^13.2.0"
      },
      "bin": {
        "cpy": "cli.js"
      },
      "engines": {
        "node": ">=20"
      },
      "funding": {
        "url": "https://github.com/sponsors/sindresorhus"
      }
    },
    "node_modules/debug": {
      "version": "4.4.3",
      "resolved": "https://registry.npmjs.org/debug/-/debug-4.4.3.tgz",
      "integrity": "sha512-RGwwWnwQvkVfavKVt22FGLw+xYSdzARwm0ru6DhTVA3umU5hZc28V3kO4stgYryrTlLpuvgI9GiijltAjNbcqA==",
      "license": "MIT",
      "dependencies": {
        "ms": "^2.1.3"
      },
      "engines": {
        "node": ">=6.0"
      },
      "peerDependenciesMeta": {
        "supports-color": {
          "optional": true
        }
      }
    },
    "node_modules/events": {
      "version": "3.3.0",
      "resolved": "https://registry.npmjs.org/events/-/events-3.3.0.tgz",
      "integrity": "sha512-mQw+2fkQbALzQ7V0MY0IqdnXNOeTtP4r0lN9z7AAawCXgqea7bDii20AYrIBrFd/Hx0M2Ocz6S111CaFkUcb0Q==",
      "license": "MIT",
      "engines": {
        "node": ">=0.8.x"
      }
    },
    "node_modules/fast-glob": {
      "version": "3.3.3",
      "resolved": "https://registry.npmjs.org/fast-glob/-/fast-glob-3.3.3.tgz",
      "integrity": "sha512-7MptL8U0cqcFdzIzwOTHoilX9x5BrNqye7Z/LuC7kCMRio1EMSyqRK3BEAUD7sXRq4iT4AzTVuZdhgQ2TCvYLg==",
      "dev": true,
      "license": "MIT",
      "dependencies": {
        "@nodelib/fs.stat": "^2.0.2",
        "@nodelib/fs.walk": "^1.2.3",
        "glob-parent": "^5.1.2",
        "merge2": "^1.3.0",
        "micromatch": "^4.0.8"
      },
      "engines": {
        "node": ">=8.6.0"
      }
    },
    "node_modules/fast-xml-parser": {
      "version": "5.3.3",
      "resolved": "https://registry.npmjs.org/fast-xml-parser/-/fast-xml-parser-5.3.3.tgz",
      "integrity": "sha512-2O3dkPAAC6JavuMm8+4+pgTk+5hoAs+CjZ+sWcQLkX9+/tHRuTkQh/Oaifr8qDmZ8iEHb771Ea6G8CdwkrgvYA==",
      "funding": [
        {
          "type": "github",
          "url": "https://github.com/sponsors/NaturalIntelligence"
        }
      ],
      "license": "MIT",
      "dependencies": {
        "strnum": "^2.1.0"
      },
      "bin": {
        "fxparser": "src/cli/cli.js"
      }
    },
    "node_modules/fastq": {
      "version": "1.20.1",
      "resolved": "https://registry.npmjs.org/fastq/-/fastq-1.20.1.tgz",
      "integrity": "sha512-GGToxJ/w1x32s/D2EKND7kTil4n8OVk/9mycTc4VDza13lOvpUZTGX3mFSCtV9ksdGBVzvsyAVLM6mHFThxXxw==",
      "dev": true,
      "license": "ISC",
      "dependencies": {
        "reusify": "^1.0.4"
      }
    },
    "node_modules/fill-range": {
      "version": "7.1.1",
      "resolved": "https://registry.npmjs.org/fill-range/-/fill-range-7.1.1.tgz",
      "integrity": "sha512-YsGpe3WHLK8ZYi4tWDg2Jy3ebRz2rXowDxnld4bkQB00cc/1Zw9AWnC0i9ztDJitivtQvaI9KaLyKrc+hBW0yg==",
      "dev": true,
      "license": "MIT",
      "dependencies": {
        "to-regex-range": "^5.0.1"
      },
      "engines": {
        "node": ">=8"
      }
    },
    "node_modules/glob-parent": {
      "version": "5.1.2",
      "resolved": "https://registry.npmjs.org/glob-parent/-/glob-parent-5.1.2.tgz",
      "integrity": "sha512-AOIgSQCepiJYwP3ARnGx+5VnTu2HBYdzbGP45eLw1vr3zB3vZLeyed1sC9hnbcOc9/SrMyM5RPQrkGz4aS9Zow==",
      "dev": true,
      "license": "ISC",
      "dependencies": {
        "is-glob": "^4.0.1"
      },
      "engines": {
        "node": ">= 6"
      }
    },
    "node_modules/globby": {
      "version": "15.0.0",
      "resolved": "https://registry.npmjs.org/globby/-/globby-15.0.0.tgz",
      "integrity": "sha512-oB4vkQGqlMl682wL1IlWd02tXCbquGWM4voPEI85QmNKCaw8zGTm1f1rubFgkg3Eli2PtKlFgrnmUqasbQWlkw==",
      "dev": true,
      "license": "MIT",
      "dependencies": {
        "@sindresorhus/merge-streams": "^4.0.0",
        "fast-glob": "^3.3.3",
        "ignore": "^7.0.5",
        "path-type": "^6.0.0",
        "slash": "^5.1.0",
        "unicorn-magic": "^0.3.0"
      },
      "engines": {
        "node": ">=20"
      },
      "funding": {
        "url": "https://github.com/sponsors/sindresorhus"
      }
    },
    "node_modules/graceful-fs": {
      "version": "4.2.11",
      "resolved": "https://registry.npmjs.org/graceful-fs/-/graceful-fs-4.2.11.tgz",
      "integrity": "sha512-RbJ5/jmFcNNCcDV5o9eTnBLJ/HszWV0P73bc+Ff4nS/rJj+YaS6IGyiOL0VoBYX+l1Wrl3k63h/KrH+nhJ0XvQ==",
      "dev": true,
      "license": "ISC"
    },
    "node_modules/http-proxy-agent": {
      "version": "7.0.2",
      "resolved": "https://registry.npmjs.org/http-proxy-agent/-/http-proxy-agent-7.0.2.tgz",
      "integrity": "sha512-T1gkAiYYDWYx3V5Bmyu7HcfcvL7mUrTWiM6yOfa3PIphViJ/gFPbvidQ+veqSOHci/PxBcDabeUNCzpOODJZig==",
      "license": "MIT",
      "dependencies": {
        "agent-base": "^7.1.0",
        "debug": "^4.3.4"
      },
      "engines": {
        "node": ">= 14"
      }
    },
    "node_modules/https-proxy-agent": {
      "version": "7.0.6",
      "resolved": "https://registry.npmjs.org/https-proxy-agent/-/https-proxy-agent-7.0.6.tgz",
      "integrity": "sha512-vK9P5/iUfdl95AI+JVyUuIcVtd4ofvtrOr3HNtM2yxC9bnMbEdp3x01OhQNnjb8IJYi38VlTE3mBXwcfvywuSw==",
      "license": "MIT",
      "dependencies": {
        "agent-base": "^7.1.2",
        "debug": "4"
      },
      "engines": {
        "node": ">= 14"
      }
    },
    "node_modules/ignore": {
      "version": "7.0.5",
      "resolved": "https://registry.npmjs.org/ignore/-/ignore-7.0.5.tgz",
      "integrity": "sha512-Hs59xBNfUIunMFgWAbGX5cq6893IbWg4KnrjbYwX3tx0ztorVgTDA6B2sxf8ejHJ4wz8BqGUMYlnzNBer5NvGg==",
      "dev": true,
      "license": "MIT",
      "engines": {
        "node": ">= 4"
      }
    },
    "node_modules/is-extglob": {
      "version": "2.1.1",
      "resolved": "https://registry.npmjs.org/is-extglob/-/is-extglob-2.1.1.tgz",
      "integrity": "sha512-SbKbANkN603Vi4jEZv49LeVJMn4yGwsbzZworEoyEiutsN3nJYdbO36zfhGJ6QEDpOZIFkDtnq5JRxmvl3jsoQ==",
      "dev": true,
      "license": "MIT",
      "engines": {
        "node": ">=0.10.0"
      }
    },
    "node_modules/is-glob": {
      "version": "4.0.3",
      "resolved": "https://registry.npmjs.org/is-glob/-/is-glob-4.0.3.tgz",
      "integrity": "sha512-xelSayHH36ZgE7ZWhli7pW34hNbNl8Ojv5KVmkJD4hBdD3th8Tfk9vYasLM+mXWOZhFkgZfxhLSnrwRr4elSSg==",
      "dev": true,
      "license": "MIT",
      "dependencies": {
        "is-extglob": "^2.1.1"
      },
      "engines": {
        "node": ">=0.10.0"
      }
    },
    "node_modules/is-number": {
      "version": "7.0.0",
      "resolved": "https://registry.npmjs.org/is-number/-/is-number-7.0.0.tgz",
      "integrity": "sha512-41Cifkg6e8TylSpdtTpeLVMqvSBEVzTttHvERD741+pnZ8ANv0004MRL43QKPDlK9cGvNp6NZWZUBlbGXYxxng==",
      "dev": true,
      "license": "MIT",
      "engines": {
        "node": ">=0.12.0"
      }
    },
    "node_modules/junk": {
      "version": "4.0.1",
      "resolved": "https://registry.npmjs.org/junk/-/junk-4.0.1.tgz",
      "integrity": "sha512-Qush0uP+G8ZScpGMZvHUiRfI0YBWuB3gVBYlI0v0vvOJt5FLicco+IkP0a50LqTTQhmts/m6tP5SWE+USyIvcQ==",
      "dev": true,
      "license": "MIT",
      "engines": {
        "node": ">=12.20"
      },
      "funding": {
        "url": "https://github.com/sponsors/sindresorhus"
      }
    },
    "node_modules/long": {
      "version": "4.0.0",
      "resolved": "https://registry.npmjs.org/long/-/long-4.0.0.tgz",
      "integrity": "sha512-XsP+KhQif4bjX1kbuSiySJFNAehNxgLb6hPRGJ9QsUr8ajHkuXGdrHmFUTUUXhDwVX2R5bY4JNZEwbUiMhV+MA==",
      "license": "Apache-2.0"
    },
    "node_modules/meow": {
      "version": "13.2.0",
      "resolved": "https://registry.npmjs.org/meow/-/meow-13.2.0.tgz",
      "integrity": "sha512-pxQJQzB6djGPXh08dacEloMFopsOqGVRKFPYvPOt9XDZ1HasbgDZA74CJGreSU4G3Ak7EFJGoiH2auq+yXISgA==",
      "dev": true,
      "license": "MIT",
      "engines": {
        "node": ">=18"
      },
      "funding": {
        "url": "https://github.com/sponsors/sindresorhus"
      }
    },
    "node_modules/merge2": {
      "version": "1.4.1",
      "resolved": "https://registry.npmjs.org/merge2/-/merge2-1.4.1.tgz",
      "integrity": "sha512-8q7VEgMJW4J8tcfVPy8g09NcQwZdbwFEqhe/WZkoIzjn/3TGDwtOCYtXGxA3O8tPzpczCCDgv+P2P5y00ZJOOg==",
      "dev": true,
      "license": "MIT",
      "engines": {
        "node": ">= 8"
      }
    },
    "node_modules/micromatch": {
      "version": "4.0.8",
      "resolved": "https://registry.npmjs.org/micromatch/-/micromatch-4.0.8.tgz",
      "integrity": "sha512-PXwfBhYu0hBCPw8Dn0E+WDYb7af3dSLVWKi3HGv84IdF4TyFoC0ysxFd0Goxw7nSv4T/PzEJQxsYsEiFCKo2BA==",
      "dev": true,
      "license": "MIT",
      "dependencies": {
        "braces": "^3.0.3",
        "picomatch": "^2.3.1"
      },
      "engines": {
        "node": ">=8.6"
      }
    },
    "node_modules/ms": {
      "version": "2.1.3",
      "resolved": "https://registry.npmjs.org/ms/-/ms-2.1.3.tgz",
      "integrity": "sha512-6FlzubTLZG3J2a/NVCAleEhjzq5oxgHyaCU9yYXvcLsvoVaHJq/s5xXI6/XXP6tz7R9xAOtHnSO/tXtF3WRTlA==",
      "license": "MIT"
    },
    "node_modules/p-event": {
      "version": "6.0.1",
      "resolved": "https://registry.npmjs.org/p-event/-/p-event-6.0.1.tgz",
      "integrity": "sha512-Q6Bekk5wpzW5qIyUP4gdMEujObYstZl6DMMOSenwBvV0BlE5LkDwkjs5yHbZmdCEq2o4RJx4tE1vwxFVf2FG1w==",
      "dev": true,
      "license": "MIT",
      "dependencies": {
        "p-timeout": "^6.1.2"
      },
      "engines": {
        "node": ">=16.17"
      },
      "funding": {
        "url": "https://github.com/sponsors/sindresorhus"
      }
    },
    "node_modules/p-filter": {
      "version": "4.1.0",
      "resolved": "https://registry.npmjs.org/p-filter/-/p-filter-4.1.0.tgz",
      "integrity": "sha512-37/tPdZ3oJwHaS3gNJdenCDB3Tz26i9sjhnguBtvN0vYlRIiDNnvTWkuh+0hETV9rLPdJ3rlL3yVOYPIAnM8rw==",
      "dev": true,
      "license": "MIT",
      "dependencies": {
        "p-map": "^7.0.1"
      },
      "engines": {
        "node": ">=18"
      },
      "funding": {
        "url": "https://github.com/sponsors/sindresorhus"
      }
    },
    "node_modules/p-map": {
      "version": "7.0.4",
      "resolved": "https://registry.npmjs.org/p-map/-/p-map-7.0.4.tgz",
      "integrity": "sha512-tkAQEw8ysMzmkhgw8k+1U/iPhWNhykKnSk4Rd5zLoPJCuJaGRPo6YposrZgaxHKzDHdDWWZvE/Sk7hsL2X/CpQ==",
      "dev": true,
      "license": "MIT",
      "engines": {
        "node": ">=18"
      },
      "funding": {
        "url": "https://github.com/sponsors/sindresorhus"
      }
    },
    "node_modules/p-timeout": {
      "version": "6.1.4",
      "resolved": "https://registry.npmjs.org/p-timeout/-/p-timeout-6.1.4.tgz",
      "integrity": "sha512-MyIV3ZA/PmyBN/ud8vV9XzwTrNtR4jFrObymZYnZqMmW0zA8Z17vnT0rBgFE/TlohB+YCHqXMgZzb3Csp49vqg==",
      "dev": true,
      "license": "MIT",
      "engines": {
        "node": ">=14.16"
      },
      "funding": {
        "url": "https://github.com/sponsors/sindresorhus"
      }
    },
    "node_modules/path-type": {
      "version": "6.0.0",
      "resolved": "https://registry.npmjs.org/path-type/-/path-type-6.0.0.tgz",
      "integrity": "sha512-Vj7sf++t5pBD637NSfkxpHSMfWaeig5+DKWLhcqIYx6mWQz5hdJTGDVMQiJcw1ZYkhs7AazKDGpRVji1LJCZUQ==",
      "dev": true,
      "license": "MIT",
      "engines": {
        "node": ">=18"
      },
      "funding": {
        "url": "https://github.com/sponsors/sindresorhus"
      }
    },
    "node_modules/picomatch": {
      "version": "2.3.1",
      "resolved": "https://registry.npmjs.org/picomatch/-/picomatch-2.3.1.tgz",
      "integrity": "sha512-JU3teHTNjmE2VCGFzuY8EXzCDVwEqB2a8fsIvwaStHhAWJEeVd1o1QD80CU6+ZdEXXSLbSsuLwJjkCBWqRQUVA==",
      "dev": true,
      "license": "MIT",
      "engines": {
        "node": ">=8.6"
      },
      "funding": {
        "url": "https://github.com/sponsors/jonschlinkert"
      }
    },
    "node_modules/queue-microtask": {
      "version": "1.2.3",
      "resolved": "https://registry.npmjs.org/queue-microtask/-/queue-microtask-1.2.3.tgz",
      "integrity": "sha512-NuaNSa6flKT5JaSYQzJok04JzTL1CA6aGhv5rfLW3PgqA+M2ChpZQnAC8h8i4ZFkBS8X5RqkDBHA7r4hej3K9A==",
      "dev": true,
      "funding": [
        {
          "type": "github",
          "url": "https://github.com/sponsors/feross"
        },
        {
          "type": "patreon",
          "url": "https://www.patreon.com/feross"
        },
        {
          "type": "consulting",
          "url": "https://feross.org/support"
        }
      ],
      "license": "MIT"
    },
    "node_modules/reusify": {
      "version": "1.1.0",
      "resolved": "https://registry.npmjs.org/reusify/-/reusify-1.1.0.tgz",
      "integrity": "sha512-g6QUff04oZpHs0eG5p83rFLhHeV00ug/Yf9nZM6fLeUrPguBTkTQOdpAWWspMh55TZfVQDPaN3NQJfbVRAxdIw==",
      "dev": true,
      "license": "MIT",
      "engines": {
        "iojs": ">=1.0.0",
        "node": ">=0.10.0"
      }
    },
    "node_modules/run-parallel": {
      "version": "1.2.0",
      "resolved": "https://registry.npmjs.org/run-parallel/-/run-parallel-1.2.0.tgz",
      "integrity": "sha512-5l4VyZR86LZ/lDxZTR6jqL8AFE2S0IFLMP26AbjsLVADxHdhB/c0GUsH+y39UfCi3dzz8OlQuPmnaJOMoDHQBA==",
      "dev": true,
      "funding": [
        {
          "type": "github",
          "url": "https://github.com/sponsors/feross"
        },
        {
          "type": "patreon",
          "url": "https://www.patreon.com/feross"
        },
        {
          "type": "consulting",
          "url": "https://feross.org/support"
        }
      ],
      "license": "MIT",
      "dependencies": {
        "queue-microtask": "^1.2.2"
      }
    },
    "node_modules/slash": {
      "version": "5.1.0",
      "resolved": "https://registry.npmjs.org/slash/-/slash-5.1.0.tgz",
      "integrity": "sha512-ZA6oR3T/pEyuqwMgAKT0/hAv8oAXckzbkmR0UkUosQ+Mc4RxGoJkRmwHgHufaenlyAgE1Mxgpdcrf75y6XcnDg==",
      "dev": true,
      "license": "MIT",
      "engines": {
        "node": ">=14.16"
      },
      "funding": {
        "url": "https://github.com/sponsors/sindresorhus"
      }
    },
    "node_modules/strnum": {
      "version": "2.1.2",
      "resolved": "https://registry.npmjs.org/strnum/-/strnum-2.1.2.tgz",
      "integrity": "sha512-l63NF9y/cLROq/yqKXSLtcMeeyOfnSQlfMSlzFt/K73oIaD8DGaQWd7Z34X9GPiKqP5rbSh84Hl4bOlLcjiSrQ==",
      "funding": [
        {
          "type": "github",
          "url": "https://github.com/sponsors/NaturalIntelligence"
        }
      ],
      "license": "MIT"
    },
    "node_modules/to-regex-range": {
      "version": "5.0.1",
      "resolved": "https://registry.npmjs.org/to-regex-range/-/to-regex-range-5.0.1.tgz",
      "integrity": "sha512-65P7iz6X5yEr1cwcgvQxbbIw7Uk3gOy5dIdtZ4rDveLqhrdJP+Li/Hx6tyK0NEb+2GCyneCMJiGqrADCSNk8sQ==",
      "dev": true,
      "license": "MIT",
      "dependencies": {
        "is-number": "^7.0.0"
      },
      "engines": {
        "node": ">=8.0"
      }
    },
    "node_modules/tslib": {
      "version": "2.8.1",
      "resolved": "https://registry.npmjs.org/tslib/-/tslib-2.8.1.tgz",
      "integrity": "sha512-oJFu94HQb+KVduSUQL7wnpmqnfmLsOA/nAh6b6EH0wCEoK0/mPeXU6c3wKDV83MkOuHPRHtSXKKU99IBazS/2w==",
      "license": "0BSD"
    },
    "node_modules/typescript": {
      "version": "5.9.3",
      "resolved": "https://registry.npmjs.org/typescript/-/typescript-5.9.3.tgz",
      "integrity": "sha512-jl1vZzPDinLr9eUt3J/t7V6FgNEw9QjvBPdysz9KfQDD41fQrC2Y4vKQdiaUpFT4bXlb1RHhLpp8wtm6M5TgSw==",
      "dev": true,
      "license": "Apache-2.0",
      "bin": {
        "tsc": "bin/tsc",
        "tsserver": "bin/tsserver"
      },
      "engines": {
        "node": ">=14.17"
      }
    },
    "node_modules/unicorn-magic": {
      "version": "0.3.0",
      "resolved": "https://registry.npmjs.org/unicorn-magic/-/unicorn-magic-0.3.0.tgz",
      "integrity": "sha512-+QBBXBCvifc56fsbuxZQ6Sic3wqqc3WWaqxs58gvJrcOuN83HGTCwz3oS5phzU9LthRNE9VrJCFCLUgHeeFnfA==",
      "dev": true,
      "license": "MIT",
      "engines": {
        "node": ">=18"
      },
      "funding": {
        "url": "https://github.com/sponsors/sindresorhus"
      }
    }
  }
}
